schema: '2.0'
stages:
  ingest:
    cmd: python -m recsys.data.pipeline --stage ingest --config 
      configs/data_config.yaml
    deps:
    - path: configs/data_config.yaml
      hash: md5
      md5: 070885d067e629ffe6a3e5d482cdc07e
      size: 2040
    - path: data/raw/train-item-views.csv
      hash: md5
      md5: 7d5cdf594903e0ff027a45d214cfaa4b
      size: 42664076
    - path: params.yaml
      hash: md5
      md5: e4040745d28889541eeeaad9a80e6170
      size: 130
    - path: src/recsys/data/ingest.py
      hash: md5
      md5: b4e4f70c3ebcb5b34d5d4b00695fa377
      size: 3395
    - path: src/recsys/data/pipeline.py
      hash: md5
      md5: 0753763e0be78da474c3bfd2b4b6950f
      size: 2065
    - path: src/recsys/data/stages.py
      hash: md5
      md5: fe2f361b162f5f4650f7cf75631d4306
      size: 16791
    outs:
    - path: data/interim/interactions.parquet
      hash: md5
      md5: c8c6881941e80cb70fc1c58850ae9e3a
      size: 14185439
    - path: metrics/ingest_report.json
      hash: md5
      md5: cf493e4d799f1908eac07f5d9569e4aa
      size: 140
  validate:
    cmd: python -m recsys.data.pipeline --stage validate --config 
      configs/data_config.yaml
    deps:
    - path: configs/data_config.yaml
      hash: md5
      md5: 070885d067e629ffe6a3e5d482cdc07e
      size: 2040
    - path: data/interim/interactions.parquet
      hash: md5
      md5: c8c6881941e80cb70fc1c58850ae9e3a
      size: 14185439
    - path: src/recsys/data/pipeline.py
      hash: md5
      md5: 0753763e0be78da474c3bfd2b4b6950f
      size: 2065
    - path: src/recsys/data/stages.py
      hash: md5
      md5: fe2f361b162f5f4650f7cf75631d4306
      size: 16791
    - path: src/recsys/data/validator.py
      hash: md5
      md5: ed41d7e00597c425ba9b996064671626
      size: 7074
    outs:
    - path: data/validation_report.json
      hash: md5
      md5: fb80f5779c884a50d55cb5a48326436f
      size: 1830
  preprocess:
    cmd: python -m recsys.data.pipeline --stage preprocess --config 
      configs/data_config.yaml
    deps:
    - path: configs/data_config.yaml
      hash: md5
      md5: 070885d067e629ffe6a3e5d482cdc07e
      size: 2040
    - path: data/interim/interactions.parquet
      hash: md5
      md5: c8c6881941e80cb70fc1c58850ae9e3a
      size: 14185439
    - path: src/recsys/data/pipeline.py
      hash: md5
      md5: 0753763e0be78da474c3bfd2b4b6950f
      size: 2065
    - path: src/recsys/data/preprocessor.py
      hash: md5
      md5: 0e9e8bfcccdc35b8f7aa6734c205ee97
      size: 10114
    - path: src/recsys/data/stages.py
      hash: md5
      md5: fe2f361b162f5f4650f7cf75631d4306
      size: 16791
    outs:
    - path: data/interim/clean_interactions.parquet
      hash: md5
      md5: 87160b19a46fd36b4c73e613ce4da046
      size: 10569953
  split:
    cmd: python -m recsys.data.pipeline --stage split --config 
      configs/data_config.yaml
    deps:
    - path: configs/data_config.yaml
      hash: md5
      md5: 070885d067e629ffe6a3e5d482cdc07e
      size: 2040
    - path: data/interim/clean_interactions.parquet
      hash: md5
      md5: 87160b19a46fd36b4c73e613ce4da046
      size: 10569953
    - path: src/recsys/data/pipeline.py
      hash: md5
      md5: 0753763e0be78da474c3bfd2b4b6950f
      size: 2065
    - path: src/recsys/data/splitter.py
      hash: md5
      md5: c0f466999879d601bbfc24550ad138a2
      size: 8059
    - path: src/recsys/data/stages.py
      hash: md5
      md5: fe2f361b162f5f4650f7cf75631d4306
      size: 16791
    outs:
    - path: data/interim/test_interactions.parquet
      hash: md5
      md5: 2ee76cc5876801947e0e9df66d0058d2
      size: 941425
    - path: data/interim/train_interactions.parquet
      hash: md5
      md5: 912ad120b4cdf18e993744a0f58dbc63
      size: 9245244
    - path: data/interim/val_interactions.parquet
      hash: md5
      md5: 3b5a623ebb22d2864601ad5c3e3a413e
      size: 695054
  build_examples:
    cmd: python -m recsys.data.pipeline --stage build_examples --config 
      configs/data_config.yaml
    deps:
    - path: configs/data_config.yaml
      hash: md5
      md5: 070885d067e629ffe6a3e5d482cdc07e
      size: 2040
    - path: data/interim/test_interactions.parquet
      hash: md5
      md5: 2ee76cc5876801947e0e9df66d0058d2
      size: 941425
    - path: data/interim/train_interactions.parquet
      hash: md5
      md5: 912ad120b4cdf18e993744a0f58dbc63
      size: 9245244
    - path: data/interim/val_interactions.parquet
      hash: md5
      md5: 3b5a623ebb22d2864601ad5c3e3a413e
      size: 695054
    - path: src/recsys/data/pipeline.py
      hash: md5
      md5: 0753763e0be78da474c3bfd2b4b6950f
      size: 2065
    - path: src/recsys/data/stages.py
      hash: md5
      md5: fe2f361b162f5f4650f7cf75631d4306
      size: 16791
    - path: src/recsys/data/training_examples.py
      hash: md5
      md5: 6bd4d87ae72052db2bebca8e86673a0b
      size: 13764
    outs:
    - path: data/processed/data_stats.json
      hash: md5
      md5: a09e18b42ac0b2c7515b097516ac4575
      size: 940
    - path: data/processed/item_vocab.json
      hash: md5
      md5: fd8f08034b0c4a6e7e2e4d321e34b1ac
      size: 1702402
    - path: data/processed/test_examples.parquet
      hash: md5
      md5: afa6c39421fead668b91cad6b1579c7a
      size: 1074522
    - path: data/processed/train_examples.parquet
      hash: md5
      md5: 3f10d87fe132106e96202f73970ab57b
      size: 9525105
    - path: data/processed/val_examples.parquet
      hash: md5
      md5: b09d74b48f3e208a902256faafb1a52e
      size: 792692
